
Microsoft Visual Studio Solution File, Format Version 12.00
# Visual Studio Version 16
VisualStudioVersion = 16.0.31321.278
MinimumVisualStudioVersion = 10.0.40219.1
Project("{FAE04EC0-301F-11D3-BF4B-00C04F79EFBC}") = "2_tier_app", "2_tier_app\2_tier_app.csproj", "{13D849B3-B351-446A-AF3C-39890251114C}"
EndProject
Global
	GlobalSection(SolutionConfigurationPlatforms) = preSolution
		Debug|Any CPU = Debug|Any CPU
		Release|Any CPU = Release|Any CPU
	EndGlobalSection
	GlobalSection(ProjectConfigurationPlatforms) = postSolution
		{13D849B3-B351-446A-AF3C-39890251114C}.Debug|Any CPU.ActiveCfg = Debug|Any CPU
		{13D849B3-B351-446A-AF3C-39890251114C}.Debug|Any CPU.Build.0 = Debug|Any CPU
		{13D849B3-B351-446A-AF3C-39890251114C}.Release|Any CPU.ActiveCfg = Release|Any CPU
		{13D849B3-B351-446A-AF3C-39890251114C}.Release|Any CPU.Build.0 = Release|Any CPU
	EndGlobalSection
	GlobalSection(SolutionProperties) = preSolution
		HideSolutionNode = FALSE
	EndGlobalSection
	GlobalSection(ExtensibilityGlobals) = postSolution
		SolutionGuid = {438FB798-07C9-4A6A-87B8-E40A6F5267F8}
	EndGlobalSection
EndGlobal
